// !$*UTF8*$!
{
	archiveVersion = 1;
	classes = {
	};
	objectVersion = 50;
	objects = {

/* Begin PBXBuildFile section */
		E19DF6B2289998870057CAFC /* AppDelegate.swift in Sources */ = {isa = PBXBuildFile; fileRef = E19DF6B1289998870057CAFC /* AppDelegate.swift */; };
		E19DF6B4289998870057CAFC /* SceneDelegate.swift in Sources */ = {isa = PBXBuildFile; fileRef = E19DF6B3289998870057CAFC /* SceneDelegate.swift */; };
		E19DF6B6289998870057CAFC /* ViewController.swift in Sources */ = {isa = PBXBuildFile; fileRef = E19DF6B5289998870057CAFC /* ViewController.swift */; };
		E19DF6B9289998870057CAFC /* Main.storyboard in Resources */ = {isa = PBXBuildFile; fileRef = E19DF6B7289998870057CAFC /* Main.storyboard */; };
		E19DF6BC289998870057CAFC /* GithubTesting.xcdatamodeld in Sources */ = {isa = PBXBuildFile; fileRef = E19DF6BA289998870057CAFC /* GithubTesting.xcdatamodeld */; };
		E19DF6BE289998910057CAFC /* Assets.xcassets in Resources */ = {isa = PBXBuildFile; fileRef = E19DF6BD289998910057CAFC /* Assets.xcassets */; };
		E19DF6C1289998910057CAFC /* LaunchScreen.storyboard in Resources */ = {isa = PBXBuildFile; fileRef = E19DF6BF289998910057CAFC /* LaunchScreen.storyboard */; };
		E19DF6CC289998920057CAFC /* GithubTestingTests.swift in Sources */ = {isa = PBXBuildFile; fileRef = E19DF6CB289998920057CAFC /* GithubTestingTests.swift */; };
		E19DF6D7289998920057CAFC /* GithubTestingUITests.swift in Sources */ = {isa = PBXBuildFile; fileRef = E19DF6D6289998920057CAFC /* GithubTestingUITests.swift */; };
/* End PBXBuildFile section */

/* Begin PBXContainerItemProxy section */
		E19DF6C8289998920057CAFC /* PBXContainerItemProxy */ = {
			isa = PBXContainerItemProxy;
			containerPortal = E19DF6A6289998870057CAFC /* Project object */;
			proxyType = 1;
			remoteGlobalIDString = E19DF6AD289998870057CAFC;
			remoteInfo = GithubTesting;
		};
		E19DF6D3289998920057CAFC /* PBXContainerItemProxy */ = {
			isa = PBXContainerItemProxy;
			containerPortal = E19DF6A6289998870057CAFC /* Project object */;
			proxyType = 1;
			remoteGlobalIDString = E19DF6AD289998870057CAFC;
			remoteInfo = GithubTesting;
		};
/* End PBXContainerItemProxy section */

/* Begin PBXFileReference section */
		E19DF6AE289998870057CAFC /* GithubTesting.app */ = {isa = PBXFileReference; explicitFileType = wrapper.application; includeInIndex = 0; path = GithubTesting.app; sourceTree = BUILT_PRODUCTS_DIR; };
		E19DF6B1289998870057CAFC /* AppDelegate.swift */ = {isa = PBXFileReference; lastKnownFileType = sourcecode.swift; path = AppDelegate.swift; sourceTree = "<group>"; };
		E19DF6B3289998870057CAFC /* SceneDelegate.swift */ = {isa = PBXFileReference; lastKnownFileType = sourcecode.swift; path = SceneDelegate.swift; sourceTree = "<group>"; };
		E19DF6B5289998870057CAFC /* ViewController.swift */ = {isa = PBXFileReference; lastKnownFileType = sourcecode.swift; path = ViewController.swift; sourceTree = "<group>"; };
		E19DF6B8289998870057CAFC /* Base */ = {isa = PBXFileReference; lastKnownFileType = file.storyboard; name = Base; path = Base.lproj/Main.storyboard; sourceTree = "<group>"; };
		E19DF6BB289998870057CAFC /* GithubTesting.xcdatamodel */ = {isa = PBXFileReference; lastKnownFileType = wrapper.xcdatamodel; path = GithubTesting.xcdatamodel; sourceTree = "<group>"; };
		E19DF6BD289998910057CAFC /* Assets.xcassets */ = {isa = PBXFileReference; lastKnownFileType = folder.assetcatalog; path = Assets.xcassets; sourceTree = "<group>"; };
		E19DF6C0289998910057CAFC /* Base */ = {isa = PBXFileReference; lastKnownFileType = file.storyboard; name = Base; path = Base.lproj/LaunchScreen.storyboard; sourceTree = "<group>"; };
		E19DF6C2289998910057CAFC /* Info.plist */ = {isa = PBXFileReference; lastKnownFileType = text.plist.xml; path = Info.plist; sourceTree = "<group>"; };
		E19DF6C7289998920057CAFC /* GithubTestingTests.xctest */ = {isa = PBXFileReference; explicitFileType = wrapper.cfbundle; includeInIndex = 0; path = GithubTestingTests.xctest; sourceTree = BUILT_PRODUCTS_DIR; };
		E19DF6CB289998920057CAFC /* GithubTestingTests.swift */ = {isa = PBXFileReference; lastKnownFileType = sourcecode.swift; path = GithubTestingTests.swift; sourceTree = "<group>"; };
		E19DF6CD289998920057CAFC /* Info.plist */ = {isa = PBXFileReference; lastKnownFileType = text.plist.xml; path = Info.plist; sourceTree = "<group>"; };
		E19DF6D2289998920057CAFC /* GithubTestingUITests.xctest */ = {isa = PBXFileReference; explicitFileType = wrapper.cfbundle; includeInIndex = 0; path = GithubTestingUITests.xctest; sourceTree = BUILT_PRODUCTS_DIR; };
		E19DF6D6289998920057CAFC /* GithubTestingUITests.swift */ = {isa = PBXFileReference; lastKnownFileType = sourcecode.swift; path = GithubTestingUITests.swift; sourceTree = "<group>"; };
		E19DF6D8289998920057CAFC /* Info.plist */ = {isa = PBXFileReference; lastKnownFileType = text.plist.xml; path = Info.plist; sourceTree = "<group>"; };
/* End PBXFileReference section */

/* Begin PBXFrameworksBuildPhase section */
		E19DF6AB289998870057CAFC /* Frameworks */ = {
			isa = PBXFrameworksBuildPhase;
			buildActionMask = 2147483647;
			files = (
			);
			runOnlyForDeploymentPostprocessing = 0;
		};
		E19DF6C4289998920057CAFC /* Frameworks */ = {
			isa = PBXFrameworksBuildPhase;
			buildActionMask = 2147483647;
			files = (
			);
			runOnlyForDeploymentPostprocessing = 0;
		};
		E19DF6CF289998920057CAFC /* Frameworks */ = {
			isa = PBXFrameworksBuildPhase;
			buildActionMask = 2147483647;
			files = (
			);
			runOnlyForDeploymentPostprocessing = 0;
		};
/* End PBXFrameworksBuildPhase section */

/* Begin PBXGroup section */
		E19DF6A5289998870057CAFC = {
			isa = PBXGroup;
			children = (
				E19DF6B0289998870057CAFC /* GithubTesting */,
				E19DF6CA289998920057CAFC /* GithubTestingTests */,
				E19DF6D5289998920057CAFC /* GithubTestingUITests */,
				E19DF6AF289998870057CAFC /* Products */,
			);
			sourceTree = "<group>";
		};
		E19DF6AF289998870057CAFC /* Products */ = {
			isa = PBXGroup;
			children = (
				E19DF6AE289998870057CAFC /* GithubTesting.app */,
				E19DF6C7289998920057CAFC /* GithubTestingTests.xctest */,
				E19DF6D2289998920057CAFC /* GithubTestingUITests.xctest */,
			);
			name = Products;
			sourceTree = "<group>";
		};
		E19DF6B0289998870057CAFC /* GithubTesting */ = {
			isa = PBXGroup;
			children = (
				E19DF6B1289998870057CAFC /* AppDelegate.swift */,
				E19DF6B3289998870057CAFC /* SceneDelegate.swift */,
				E19DF6B5289998870057CAFC /* ViewController.swift */,
				E19DF6B7289998870057CAFC /* Main.storyboard */,
				E19DF6BD289998910057CAFC /* Assets.xcassets */,
				E19DF6BF289998910057CAFC /* LaunchScreen.storyboard */,
				E19DF6C2289998910057CAFC /* Info.plist */,
				E19DF6BA289998870057CAFC /* GithubTesting.xcdatamodeld */,
			);
			path = GithubTesting;
			sourceTree = "<group>";
		};
		E19DF6CA289998920057CAFC /* GithubTestingTests */ = {
			isa = PBXGroup;
			children = (
				E19DF6CB289998920057CAFC /* GithubTestingTests.swift */,
				E19DF6CD289998920057CAFC /* Info.plist */,
			);
			path = GithubTestingTests;
			sourceTree = "<group>";
		};
		E19DF6D5289998920057CAFC /* GithubTestingUITests */ = {
			isa = PBXGroup;
			children = (
				E19DF6D6289998920057CAFC /* GithubTestingUITests.swift */,
				E19DF6D8289998920057CAFC /* Info.plist */,
			);
			path = GithubTestingUITests;
			sourceTree = "<group>";
		};
/* End PBXGroup section */

/* Begin PBXNativeTarget section */
		E19DF6AD289998870057CAFC /* GithubTesting */ = {
			isa = PBXNativeTarget;
			buildConfigurationList = E19DF6DB289998920057CAFC /* Build configuration list for PBXNativeTarget "GithubTesting" */;
			buildPhases = (
				E19DF6AA289998870057CAFC /* Sources */,
				E19DF6AB289998870057CAFC /* Frameworks */,
				E19DF6AC289998870057CAFC /* Resources */,
			);
			buildRules = (
			);
			dependencies = (
			);
			name = GithubTesting;
			productName = GithubTesting;
			productReference = E19DF6AE289998870057CAFC /* GithubTesting.app */;
			productType = "com.apple.product-type.application";
		};
		E19DF6C6289998920057CAFC /* GithubTestingTests */ = {
			isa = PBXNativeTarget;
			buildConfigurationList = E19DF6DE289998920057CAFC /* Build configuration list for PBXNativeTarget "GithubTestingTests" */;
			buildPhases = (
				E19DF6C3289998920057CAFC /* Sources */,
				E19DF6C4289998920057CAFC /* Frameworks */,
				E19DF6C5289998920057CAFC /* Resources */,
			);
			buildRules = (
			);
			dependencies = (
				E19DF6C9289998920057CAFC /* PBXTargetDependency */,
			);
			name = GithubTestingTests;
			productName = GithubTestingTests;
			productReference = E19DF6C7289998920057CAFC /* GithubTestingTests.xctest */;
			productType = "com.apple.product-type.bundle.unit-test";
		};
		E19DF6D1289998920057CAFC /* GithubTestingUITests */ = {
			isa = PBXNativeTarget;
			buildConfigurationList = E19DF6E1289998920057CAFC /* Build configuration list for PBXNativeTarget "GithubTestingUITests" */;
			buildPhases = (
				E19DF6CE289998920057CAFC /* Sources */,
				E19DF6CF289998920057CAFC /* Frameworks */,
				E19DF6D0289998920057CAFC /* Resources */,
			);
			buildRules = (
			);
			dependencies = (
				E19DF6D4289998920057CAFC /* PBXTargetDependency */,
			);
			name = GithubTestingUITests;
			productName = GithubTestingUITests;
			productReference = E19DF6D2289998920057CAFC /* GithubTestingUITests.xctest */;
			productType = "com.apple.product-type.bundle.ui-testing";
		};
/* End PBXNativeTarget section */

/* Begin PBXProject section */
		E19DF6A6289998870057CAFC /* Project object */ = {
			isa = PBXProject;
			attributes = {
				LastSwiftUpdateCheck = 1240;
				LastUpgradeCheck = 1240;
				TargetAttributes = {
					E19DF6AD289998870057CAFC = {
						CreatedOnToolsVersion = 12.4;
					};
					E19DF6C6289998920057CAFC = {
						CreatedOnToolsVersion = 12.4;
						TestTargetID = E19DF6AD289998870057CAFC;
					};
					E19DF6D1289998920057CAFC = {
						CreatedOnToolsVersion = 12.4;
						TestTargetID = E19DF6AD289998870057CAFC;
					};
				};
			};
			buildConfigurationList = E19DF6A9289998870057CAFC /* Build configuration list for PBXProject "GithubTesting" */;
			compatibilityVersion = "Xcode 9.3";
			developmentRegion = en;
			hasScannedForEncodings = 0;
			knownRegions = (
				en,
				Base,
			);
			mainGroup = E19DF6A5289998870057CAFC;
			productRefGroup = E19DF6AF289998870057CAFC /* Products */;
			projectDirPath = "";
			projectRoot = "";
			targets = (
				E19DF6AD289998870057CAFC /* GithubTesting */,
				E19DF6C6289998920057CAFC /* GithubTestingTests */,
				E19DF6D1289998920057CAFC /* GithubTestingUITests */,
			);
		};
/* End PBXProject section */

/* Begin PBXResourcesBuildPhase section */
		E19DF6AC289998870057CAFC /* Resources */ = {
			isa = PBXResourcesBuildPhase;
			buildActionMask = 2147483647;
			files = (
				E19DF6C1289998910057CAFC /* LaunchScreen.storyboard in Resources */,
				E19DF6BE289998910057CAFC /* Assets.xcassets in Resources */,
				E19DF6B9289998870057CAFC /* Main.storyboard in Resources */,
			);
			runOnlyForDeploymentPostprocessing = 0;
		};
		E19DF6C5289998920057CAFC /* Resources */ = {
			isa = PBXResourcesBuildPhase;
			buildActionMask = 2147483647;
			files = (
			);
			runOnlyForDeploymentPostprocessing = 0;
		};
		E19DF6D0289998920057CAFC /* Resources */ = {
			isa = PBXResourcesBuildPhase;
			buildActionMask = 2147483647;
			files = (
			);
			runOnlyForDeploymentPostprocessing = 0;
		};
/* End PBXResourcesBuildPhase section */

/* Begin PBXSourcesBuildPhase section */
		E19DF6AA289998870057CAFC /* Sources */ = {
			isa = PBXSourcesBuildPhase;
			buildActionMask = 2147483647;
			files = (
				E19DF6B6289998870057CAFC /* ViewController.swift in Sources */,
				E19DF6B2289998870057CAFC /* AppDelegate.swift in Sources */,
				E19DF6B4289998870057CAFC /* SceneDelegate.swift in Sources */,
				E19DF6BC289998870057CAFC /* GithubTesting.xcdatamodeld in Sources */,
			);
			runOnlyForDeploymentPostprocessing = 0;
		};
		E19DF6C3289998920057CAFC /* Sources */ = {
			isa = PBXSourcesBuildPhase;
			buildActionMask = 2147483647;
			files = (
				E19DF6CC289998920057CAFC /* GithubTestingTests.swift in Sources */,
			);
			runOnlyForDeploymentPostprocessing = 0;
		};
		E19DF6CE289998920057CAFC /* Sources */ = {
			isa = PBXSourcesBuildPhase;
			buildActionMask = 2147483647;
			files = (
				E19DF6D7289998920057CAFC /* GithubTestingUITests.swift in Sources */,
			);
			runOnlyForDeploymentPostprocessing = 0;
		};
/* End PBXSourcesBuildPhase section */

/* Begin PBXTargetDependency section */
		E19DF6C9289998920057CAFC /* PBXTargetDependency */ = {
			isa = PBXTargetDependency;
			target = E19DF6AD289998870057CAFC /* GithubTesting */;
			targetProxy = E19DF6C8289998920057CAFC /* PBXContainerItemProxy */;
		};
		E19DF6D4289998920057CAFC /* PBXTargetDependency */ = {
			isa = PBXTargetDependency;
			target = E19DF6AD289998870057CAFC /* GithubTesting */;
			targetProxy = E19DF6D3289998920057CAFC /* PBXContainerItemProxy */;
		};
/* End PBXTargetDependency section */

/* Begin PBXVariantGroup section */
		E19DF6B7289998870057CAFC /* Main.storyboard */ = {
			isa = PBXVariantGroup;
			children = (
				E19DF6B8289998870057CAFC /* Base */,
			);
			name = Main.storyboard;
			sourceTree = "<group>";
		};
		E19DF6BF289998910057CAFC /* LaunchScreen.storyboard */ = {
			isa = PBXVariantGroup;
			children = (
				E19DF6C0289998910057CAFC /* Base */,
			);
			name = LaunchScreen.storyboard;
			sourceTree = "<group>";
		};
/* End PBXVariantGroup section */

/* Begin XCBuildConfiguration section */
		E19DF6D9289998920057CAFC /* Debug */ = {
			isa = XCBuildConfiguration;
			buildSettings = {
				ALWAYS_SEARCH_USER_PATHS = NO;
				CLANG_ANALYZER_NONNULL = YES;
				CLANG_ANALYZER_NUMBER_OBJECT_CONVERSION = YES_AGGRESSIVE;
				CLANG_CXX_LANGUAGE_STANDARD = "gnu++14";
				CLANG_CXX_LIBRARY = "libc++";
				CLANG_ENABLE_MODULES = YES;
				CLANG_ENABLE_OBJC_ARC = YES;
				CLANG_ENABLE_OBJC_WEAK = YES;
				CLANG_WARN_BLOCK_CAPTURE_AUTORELEASING = YES;
				CLANG_WARN_BOOL_CONVERSION = YES;
				CLANG_WARN_COMMA = YES;
				CLANG_WARN_CONSTANT_CONVERSION = YES;
				CLANG_WARN_DEPRECATED_OBJC_IMPLEMENTATIONS = YES;
				CLANG_WARN_DIRECT_OBJC_ISA_USAGE = YES_ERROR;
				CLANG_WARN_DOCUMENTATION_COMMENTS = YES;
				CLANG_WARN_EMPTY_BODY = YES;
				CLANG_WARN_ENUM_CONVERSION = YES;
				CLANG_WARN_INFINITE_RECURSION = YES;
				CLANG_WARN_INT_CONVERSION = YES;
				CLANG_WARN_NON_LITERAL_NULL_CONVERSION = YES;
				CLANG_WARN_OBJC_IMPLICIT_RETAIN_SELF = YES;
				CLANG_WARN_OBJC_LITERAL_CONVERSION = YES;
				CLANG_WARN_OBJC_ROOT_CLASS = YES_ERROR;
				CLANG_WARN_QUOTED_INCLUDE_IN_FRAMEWORK_HEADER = YES;
				CLANG_WARN_RANGE_LOOP_ANALYSIS = YES;
				CLANG_WARN_STRICT_PROTOTYPES = YES;
				CLANG_WARN_SUSPICIOUS_MOVE = YES;
				CLANG_WARN_UNGUARDED_AVAILABILITY = YES_AGGRESSIVE;
				CLANG_WARN_UNREACHABLE_CODE = YES;
				CLANG_WARN__DUPLICATE_METHOD_MATCH = YES;
				COPY_PHASE_STRIP = NO;
				DEBUG_INFORMATION_FORMAT = dwarf;
				ENABLE_STRICT_OBJC_MSGSEND = YES;
				ENABLE_TESTABILITY = YES;
				GCC_C_LANGUAGE_STANDARD = gnu11;
				GCC_DYNAMIC_NO_PIC = NO;
				GCC_NO_COMMON_BLOCKS = YES;
				GCC_OPTIMIZATION_LEVEL = 0;
				GCC_PREPROCESSOR_DEFINITIONS = (
					"DEBUG=1",
					"$(inherited)",
				);
				GCC_WARN_64_TO_32_BIT_CONVERSION = YES;
				GCC_WARN_ABOUT_RETURN_TYPE = YES_ERROR;
				GCC_WARN_UNDECLARED_SELECTOR = YES;
				GCC_WARN_UNINITIALIZED_AUTOS = YES_AGGRESSIVE;
				GCC_WARN_UNUSED_FUNCTION = YES;
				GCC_WARN_UNUSED_VARIABLE = YES;
				IPHONEOS_DEPLOYMENT_TARGET = 14.4;
				MTL_ENABLE_DEBUG_INFO = INCLUDE_SOURCE;
				MTL_FAST_MATH = YES;
				ONLY_ACTIVE_ARCH = YES;
				SDKROOT = iphoneos;
				SWIFT_ACTIVE_COMPILATION_CONDITIONS = DEBUG;
				SWIFT_OPTIMIZATION_LEVEL = "-Onone";
			};
			name = Debug;
		};
		E19DF6DA289998920057CAFC /* Release */ = {
			isa = XCBuildConfiguration;
			buildSettings = {
				ALWAYS_SEARCH_USER_PATHS = NO;
				CLANG_ANALYZER_NONNULL = YES;
				CLANG_ANALYZER_NUMBER_OBJECT_CONVERSION = YES_AGGRESSIVE;
				CLANG_CXX_LANGUAGE_STANDARD = "gnu++14";
				CLANG_CXX_LIBRARY = "libc++";
				CLANG_ENABLE_MODULES = YES;
				CLANG_ENABLE_OBJC_ARC = YES;
				CLANG_ENABLE_OBJC_WEAK = YES;
				CLANG_WARN_BLOCK_CAPTURE_AUTORELEASING = YES;
				CLANG_WARN_BOOL_CONVERSION = YES;
				CLANG_WARN_COMMA = YES;
				CLANG_WARN_CONSTANT_CONVERSION = YES;
				CLANG_WARN_DEPRECATED_OBJC_IMPLEMENTATIONS = YES;
				CLANG_WARN_DIRECT_OBJC_ISA_USAGE = YES_ERROR;
				CLANG_WARN_DOCUMENTATION_COMMENTS = YES;
				CLANG_WARN_EMPTY_BODY = YES;
				CLANG_WARN_ENUM_CONVERSION = YES;
				CLANG_WARN_INFINITE_RECURSION = YES;
				CLANG_WARN_INT_CONVERSION = YES;
				CLANG_WARN_NON_LITERAL_NULL_CONVERSION = YES;
				CLANG_WARN_OBJC_IMPLICIT_RETAIN_SELF = YES;
				CLANG_WARN_OBJC_LITERAL_CONVERSION = YES;
				CLANG_WARN_OBJC_ROOT_CLASS = YES_ERROR;
				CLANG_WARN_QUOTED_INCLUDE_IN_FRAMEWORK_HEADER = YES;
				CLANG_WARN_RANGE_LOOP_ANALYSIS = YES;
				CLANG_WARN_STRICT_PROTOTYPES = YES;
				CLANG_WARN_SUSPICIOUS_MOVE = YES;
				CLANG_WARN_UNGUARDED_AVAILABILITY = YES_AGGRESSIVE;
				CLANG_WARN_UNREACHABLE_CODE = YES;
				CLANG_WARN__DUPLICATE_METHOD_MATCH = YES;
				COPY_PHASE_STRIP = NO;
				DEBUG_INFORMATION_FORMAT = "dwarf-with-dsym";
				ENABLE_NS_ASSERTIONS = NO;
				ENABLE_STRICT_OBJC_MSGSEND = YES;
				GCC_C_LANGUAGE_STANDARD = gnu11;
				GCC_NO_COMMON_BLOCKS = YES;
				GCC_WARN_64_TO_32_BIT_CONVERSION = YES;
				GCC_WARN_ABOUT_RETURN_TYPE = YES_ERROR;
				GCC_WARN_UNDECLARED_SELECTOR = YES;
				GCC_WARN_UNINITIALIZED_AUTOS = YES_AGGRESSIVE;
				GCC_WARN_UNUSED_FUNCTION = YES;
				GCC_WARN_UNUSED_VARIABLE = YES;
				IPHONEOS_DEPLOYMENT_TARGET = 14.4;
				MTL_ENABLE_DEBUG_INFO = NO;
				MTL_FAST_MATH = YES;
				SDKROOT = iphoneos;
				SWIFT_COMPILATION_MODE = wholemodule;
				SWIFT_OPTIMIZATION_LEVEL = "-O";
				VALIDATE_PRODUCT = YES;
			};
			name = Release;
		};
		E19DF6DC289998920057CAFC /* Debug */ = {
			isa = XCBuildConfiguration;
			buildSettings = {
				ASSETCATALOG_COMPILER_APPICON_NAME = AppIcon;
				ASSETCATALOG_COMPILER_GLOBAL_ACCENT_COLOR_NAME = AccentColor;
				CODE_SIGN_STYLE = Automatic;
				DEVELOPMENT_TEAM = 84DT7P8679;
				INFOPLIST_FILE = GithubTesting/Info.plist;
				LD_RUNPATH_SEARCH_PATHS = (
					"$(inherited)",
					"@executable_path/Frameworks",
				);
				PRODUCT_BUNDLE_IDENTIFIER = KWK.GithubTesting;
				PRODUCT_NAME = "$(TARGET_NAME)";
				SWIFT_VERSION = 5.0;
				TARGETED_DEVICE_FAMILY = "1,2";
			};
			name = Debug;
		};
		E19DF6DD289998920057CAFC /* Release */ = {
			isa = XCBuildConfiguration;
			buildSettings = {
				ASSETCATALOG_COMPILER_APPICON_NAME = AppIcon;
				ASSETCATALOG_COMPILER_GLOBAL_ACCENT_COLOR_NAME = AccentColor;
				CODE_SIGN_STYLE = Automatic;
				DEVELOPMENT_TEAM = 84DT7P8679;
				INFOPLIST_FILE = GithubTesting/Info.plist;
				LD_RUNPATH_SEARCH_PATHS = (
					"$(inherited)",
					"@executable_path/Frameworks",
				);
				PRODUCT_BUNDLE_IDENTIFIER = KWK.GithubTesting;
				PRODUCT_NAME = "$(TARGET_NAME)";
				SWIFT_VERSION = 5.0;
				TARGETED_DEVICE_FAMILY = "1,2";
			};
			name = Release;
		};
		E19DF6DF289998920057CAFC /* Debug */ = {
			isa = XCBuildConfiguration;
			buildSettings = {
				ALWAYS_EMBED_SWIFT_STANDARD_LIBRARIES = YES;
				BUNDLE_LOADER = "$(TEST_HOST)";
				CODE_SIGN_STYLE = Automatic;
				DEVELOPMENT_TEAM = 84DT7P8679;
				INFOPLIST_FILE = GithubTestingTests/Info.plist;
				IPHONEOS_DEPLOYMENT_TARGET = 14.4;
				LD_RUNPATH_SEARCH_PATHS = (
					"$(inherited)",
					"@executable_path/Frameworks",
					"@loader_path/Frameworks",
				);
				PRODUCT_BUNDLE_IDENTIFIER = KWK.GithubTestingTests;
				PRODUCT_NAME = "$(TARGET_NAME)";
				SWIFT_VERSION = 5.0;
				TARGETED_DEVICE_FAMILY = "1,2";
				TEST_HOST = "$(BUILT_PRODUCTS_DIR)/GithubTesting.app/GithubTesting";
			};
			name = Debug;
		};
		E19DF6E0289998920057CAFC /* Release */ = {
			isa = XCBuildConfiguration;
			buildSettings = {
				ALWAYS_EMBED_SWIFT_STANDARD_LIBRARIES = YES;
				BUNDLE_LOADER = "$(TEST_HOST)";
				CODE_SIGN_STYLE = Automatic;
				DEVELOPMENT_TEAM = 84DT7P8679;
				INFOPLIST_FILE = GithubTestingTests/Info.plist;
				IPHONEOS_DEPLOYMENT_TARGET = 14.4;
				LD_RUNPATH_SEARCH_PATHS = (
					"$(inherited)",
					"@executable_path/Frameworks",
					"@loader_path/Frameworks",
				);
				PRODUCT_BUNDLE_IDENTIFIER = KWK.GithubTestingTests;
				PRODUCT_NAME = "$(TARGET_NAME)";
				SWIFT_VERSION = 5.0;
				TARGETED_DEVICE_FAMILY = "1,2";
				TEST_HOST = "$(BUILT_PRODUCTS_DIR)/GithubTesting.app/GithubTesting";
			};
			name = Release;
		};
		E19DF6E2289998920057CAFC /* Debug */ = {
			isa = XCBuildConfiguration;
			buildSettings = {
				ALWAYS_EMBED_SWIFT_STANDARD_LIBRARIES = YES;
				CODE_SIGN_STYLE = Automatic;
				DEVELOPMENT_TEAM = 84DT7P8679;
				INFOPLIST_FILE = GithubTestingUITests/Info.plist;
				LD_RUNPATH_SEARCH_PATHS = (
					"$(inherited)",
					"@executable_path/Frameworks",
					"@loader_path/Frameworks",
				);
				PRODUCT_BUNDLE_IDENTIFIER = KWK.GithubTestingUITests;
				PRODUCT_NAME = "$(TARGET_NAME)";
				SWIFT_VERSION = 5.0;
				TARGETED_DEVICE_FAMILY = "1,2";
				TEST_TARGET_NAME = GithubTesting;
			};
			name = Debug;
		};
		E19DF6E3289998920057CAFC /* Release */ = {
			isa = XCBuildConfiguration;
			buildSettings = {
				ALWAYS_EMBED_SWIFT_STANDARD_LIBRARIES = YES;
				CODE_SIGN_STYLE = Automatic;
				DEVELOPMENT_TEAM = 84DT7P8679;
				INFOPLIST_FILE = GithubTestingUITests/Info.plist;
				LD_RUNPATH_SEARCH_PATHS = (
					"$(inherited)",
					"@executable_path/Frameworks",
					"@loader_path/Frameworks",
				);
				PRODUCT_BUNDLE_IDENTIFIER = KWK.GithubTestingUITests;
				PRODUCT_NAME = "$(TARGET_NAME)";
				SWIFT_VERSION = 5.0;
				TARGETED_DEVICE_FAMILY = "1,2";
				TEST_TARGET_NAME = GithubTesting;
			};
			name = Release;
		};
/* End XCBuildConfiguration section */

/* Begin XCConfigurationList section */
		E19DF6A9289998870057CAFC /* Build configuration list for PBXProject "GithubTesting" */ = {
			isa = XCConfigurationList;
			buildConfigurations = (
				E19DF6D9289998920057CAFC /* Debug */,
				E19DF6DA289998920057CAFC /* Release */,
			);
			defaultConfigurationIsVisible = 0;
			defaultConfigurationName = Release;
		};
		E19DF6DB289998920057CAFC /* Build configuration list for PBXNativeTarget "GithubTesting" */ = {
			isa = XCConfigurationList;
			buildConfigurations = (
				E19DF6DC289998920057CAFC /* Debug */,
				E19DF6DD289998920057CAFC /* Release */,
			);
			defaultConfigurationIsVisible = 0;
			defaultConfigurationName = Release;
		};
		E19DF6DE289998920057CAFC /* Build configuration list for PBXNativeTarget "GithubTestingTests" */ = {
			isa = XCConfigurationList;
			buildConfigurations = (
				E19DF6DF289998920057CAFC /* Debug */,
				E19DF6E0289998920057CAFC /* Release */,
			);
			defaultConfigurationIsVisible = 0;
			defaultConfigurationName = Release;
		};
		E19DF6E1289998920057CAFC /* Build configuration list for PBXNativeTarget "GithubTestingUITests" */ = {
			isa = XCConfigurationList;
			buildConfigurations = (
				E19DF6E2289998920057CAFC /* Debug */,
				E19DF6E3289998920057CAFC /* Release */,
			);
			defaultConfigurationIsVisible = 0;
			defaultConfigurationName = Release;
		};
/* End XCConfigurationList section */

/* Begin XCVersionGroup section */
		E19DF6BA289998870057CAFC /* GithubTesting.xcdatamodeld */ = {
			isa = XCVersionGroup;
			children = (
				E19DF6BB289998870057CAFC /* GithubTesting.xcdatamodel */,
			);
			currentVersion = E19DF6BB289998870057CAFC /* GithubTesting.xcdatamodel */;
			path = GithubTesting.xcdatamodeld;
			sourceTree = "<group>";
			versionGroupType = wrapper.xcdatamodel;
		};
/* End XCVersionGroup section */
	};
	rootObject = E19DF6A6289998870057CAFC /* Project object */;
}
